%{
  "advent_of_code_utils": {:hex, :advent_of_code_utils, "4.0.1", "591073a49600cbceae6d92e0fb2d2c56b59f6d383851e2a7c00c3bf0e4f33f4f", [:mix], [{:floki, "~> 0.34", [hex: :floki, repo: "hexpm", optional: false]}, {:tz, "~> 0.26", [hex: :tz, repo: "hexpm", optional: false]}], "hexpm", "684d016883d7b5443d9d22abc34013fb6f1d5d9ff114859a40890545a570eec8"},
  "floki": {:hex, :floki, "0.36.3", "1102f93b16a55bc5383b85ae3ec470f82dee056eaeff9195e8afdf0ef2a43c30", [:mix], [], "hexpm", "fe0158bff509e407735f6d40b3ee0d7deb47f3f3ee7c6c182ad28599f9f6b27a"},
  "nimble_parsec": {:hex, :nimble_parsec, "1.4.0", "51f9b613ea62cfa97b25ccc2c1b4216e81df970acd8e16e8d1bdc58fef21370d", [:mix], [], "hexpm", "9c565862810fb383e9838c1dd2d7d2c437b3d13b267414ba6af33e50d2d1cf28"},
  "styler": {:hex, :styler, "1.2.1", "28f9e3d4b065c22575c56b8ae03d05188add1b21bec5ae664fc1551e2dfcc41b", [:mix], [], "hexpm", "71dc33980e530d21ca54db9c2075e646faa6e7b744a9d4a3dfb0ff01f56595f0"},
  "tz": {:hex, :tz, "0.28.1", "717f5ffddfd1e475e2a233e221dc0b4b76c35c4b3650b060c8e3ba29dd6632e9", [:mix], [{:castore, "~> 0.1 or ~> 1.0", [hex: :castore, repo: "hexpm", optional: true]}, {:mint, "~> 1.6", [hex: :mint, repo: "hexpm", optional: true]}], "hexpm", "bfdca1aa1902643c6c43b77c1fb0cb3d744fd2f09a8a98405468afdee0848c8a"},
}
