%{
  "advent_of_code_utils": {:hex, :advent_of_code_utils, "1.0.0", "e9ce8be22988e095991168e9d2dde802afc213aaae64491e9fde84dd877db41c", [:mix], [], "hexpm", "1fa5217ccb95a38ce2312dd7ea6057b0d0002a3eba7490feab704df4b8a94038"},
  "elixir_make": {:hex, :elixir_make, "0.6.3", "bc07d53221216838d79e03a8019d0839786703129599e9619f4ab74c8c096eac", [:mix], [], "hexpm", "f5cbd651c5678bcaabdbb7857658ee106b12509cd976c2c2fca99688e1daf716"},
  "exla": {:git, "https://github.com/elixir-nx/nx.git", "e23a678bf0ebcbbafe03f1b5ed78623f052ad486", [sparse: "exla"]},
  "nimble_parsec": {:hex, :nimble_parsec, "1.2.0", "b44d75e2a6542dcb6acf5d71c32c74ca88960421b6874777f79153bbbbd7dccc", [:mix], [], "hexpm", "52b2871a7515a5ac49b00f214e4165a40724cf99798d8e4a65e4fd64ebd002c1"},
  "nx": {:git, "https://github.com/elixir-nx/nx.git", "e23a678bf0ebcbbafe03f1b5ed78623f052ad486", [sparse: "nx"]},
  "xla": {:hex, :xla, "0.2.0", "689887888afb22587168d461f0e9ff83d7b06040273ea7082dbf9ff7eca33dcc", [:make, :mix], [{:elixir_make, "~> 0.4", [hex: :elixir_make, repo: "hexpm", optional: false]}], "hexpm", "a2e7b81413db49a159eabfb12dbd784a7c04b5c68c7b4057238d5ec9b110f2ec"},
}
